
Microsoft Visual Studio Solution File, Format Version 12.00
# Visual Studio Version 17
VisualStudioVersion = 17.2.32526.322
MinimumVisualStudioVersion = 10.0.40219.1
Project("{9A19103F-16F7-4668-BE54-9A1E7A4F7556}") = "ServiceDT.Server", "ServiceDT\Server\ServiceDT.Server.csproj", "{6936C28D-9C22-4184-BDB2-B445CDB743E2}"
EndProject
Project("{9A19103F-16F7-4668-BE54-9A1E7A4F7556}") = "ServiceDT.Client", "ServiceDT\Client\ServiceDT.Client.csproj", "{A2784225-DF09-4E32-A233-F083E7A74299}"
EndProject
Project("{9A19103F-16F7-4668-BE54-9A1E7A4F7556}") = "ServiceDT.Shared", "ServiceDT\Shared\ServiceDT.Shared.csproj", "{5464562F-667F-48F1-94C1-FCEA08404731}"
EndProject
Global
	GlobalSection(SolutionConfigurationPlatforms) = preSolution
		Debug|Any CPU = Debug|Any CPU
		Release|Any CPU = Release|Any CPU
	EndGlobalSection
	GlobalSection(ProjectConfigurationPlatforms) = postSolution
		{6936C28D-9C22-4184-BDB2-B445CDB743E2}.Debug|Any CPU.ActiveCfg = Debug|Any CPU
		{6936C28D-9C22-4184-BDB2-B445CDB743E2}.Debug|Any CPU.Build.0 = Debug|Any CPU
		{6936C28D-9C22-4184-BDB2-B445CDB743E2}.Release|Any CPU.ActiveCfg = Release|Any CPU
		{6936C28D-9C22-4184-BDB2-B445CDB743E2}.Release|Any CPU.Build.0 = Release|Any CPU
		{A2784225-DF09-4E32-A233-F083E7A74299}.Debug|Any CPU.ActiveCfg = Debug|Any CPU
		{A2784225-DF09-4E32-A233-F083E7A74299}.Debug|Any CPU.Build.0 = Debug|Any CPU
		{A2784225-DF09-4E32-A233-F083E7A74299}.Release|Any CPU.ActiveCfg = Release|Any CPU
		{A2784225-DF09-4E32-A233-F083E7A74299}.Release|Any CPU.Build.0 = Release|Any CPU
		{5464562F-667F-48F1-94C1-FCEA08404731}.Debug|Any CPU.ActiveCfg = Debug|Any CPU
		{5464562F-667F-48F1-94C1-FCEA08404731}.Debug|Any CPU.Build.0 = Debug|Any CPU
		{5464562F-667F-48F1-94C1-FCEA08404731}.Release|Any CPU.ActiveCfg = Release|Any CPU
		{5464562F-667F-48F1-94C1-FCEA08404731}.Release|Any CPU.Build.0 = Release|Any CPU
	EndGlobalSection
	GlobalSection(SolutionProperties) = preSolution
		HideSolutionNode = FALSE
	EndGlobalSection
	GlobalSection(ExtensibilityGlobals) = postSolution
		SolutionGuid = {FE8689CC-0698-4704-A481-498469180104}
	EndGlobalSection
EndGlobal
